
Microsoft Visual Studio Solution File, Format Version 12.00
# Visual Studio Version 17
VisualStudioVersion = 17.5.33516.290
MinimumVisualStudioVersion = 10.0.40219.1
Project("{888888A0-9F3D-457C-B088-3A5042F75D52}") = "BigramModel", "BigramModel\BigramModel.pyproj", "{A6F0DB2F-D6EB-41E0-B08B-3DEB9B83A64E}"
EndProject
Global
	GlobalSection(SolutionConfigurationPlatforms) = preSolution
		Debug|Any CPU = Debug|Any CPU
		Release|Any CPU = Release|Any CPU
	EndGlobalSection
	GlobalSection(ProjectConfigurationPlatforms) = postSolution
		{A6F0DB2F-D6EB-41E0-B08B-3DEB9B83A64E}.Debug|Any CPU.ActiveCfg = Debug|Any CPU
		{A6F0DB2F-D6EB-41E0-B08B-3DEB9B83A64E}.Release|Any CPU.ActiveCfg = Release|Any CPU
	EndGlobalSection
	GlobalSection(SolutionProperties) = preSolution
		HideSolutionNode = FALSE
	EndGlobalSection
	GlobalSection(ExtensibilityGlobals) = postSolution
		SolutionGuid = {3E9F6DCC-EA59-4D79-810F-5FCA6851E5A2}
	EndGlobalSection
EndGlobal
