
Microsoft Visual Studio Solution File, Format Version 12.00
# Visual Studio Version 17
VisualStudioVersion = 17.5.33516.290
MinimumVisualStudioVersion = 10.0.40219.1
Project("{888888A0-9F3D-457C-B088-3A5042F75D52}") = "UkrLocationsParser", "UkrLocationsParser\UkrLocationsParser.pyproj", "{568C078D-8C86-4120-9DBF-67EBB3381EDF}"
EndProject
Project("{888888A0-9F3D-457C-B088-3A5042F75D52}") = "UkrWords1Parser", "UkrWords1Parser\UkrWords1Parser.pyproj", "{E0964274-DE0C-49C0-BDC0-4950548BAD7F}"
EndProject
Project("{8BC9CEB8-8B4A-11D0-8D11-00A0C91BC942}") = "UkrWords2Parser", "UkrWords2Parser\UkrWords2Parser.vcxproj", "{46CCA15D-8287-448A-894B-EF06BA6884E9}"
EndProject
Project("{888888A0-9F3D-457C-B088-3A5042F75D52}") = "UkrNames2Parser", "UkrNames2Parser\UkrNames2Parser.pyproj", "{9C7F524E-6C8C-41A8-8837-0FB94593872B}"
EndProject
Project("{888888A0-9F3D-457C-B088-3A5042F75D52}") = "UkrLocations2Parser", "UkrLocations2Parser\UkrLocations2Parser.pyproj", "{8C4EC6C5-327D-4C7E-AFF5-422545E829D1}"
EndProject
Project("{888888A0-9F3D-457C-B088-3A5042F75D52}") = "UkrNames3Convertor", "UkrNames3Convertor\UkrNames3Convertor.pyproj", "{ADF99EF3-B7ED-474D-BCD5-6BBC1A4B31C3}"
EndProject
Global
	GlobalSection(SolutionConfigurationPlatforms) = preSolution
		Debug|Any CPU = Debug|Any CPU
		Debug|x64 = Debug|x64
		Debug|x86 = Debug|x86
		Release|Any CPU = Release|Any CPU
		Release|x64 = Release|x64
		Release|x86 = Release|x86
	EndGlobalSection
	GlobalSection(ProjectConfigurationPlatforms) = postSolution
		{568C078D-8C86-4120-9DBF-67EBB3381EDF}.Debug|Any CPU.ActiveCfg = Debug|Any CPU
		{568C078D-8C86-4120-9DBF-67EBB3381EDF}.Debug|x64.ActiveCfg = Debug|Any CPU
		{568C078D-8C86-4120-9DBF-67EBB3381EDF}.Debug|x86.ActiveCfg = Debug|Any CPU
		{568C078D-8C86-4120-9DBF-67EBB3381EDF}.Release|Any CPU.ActiveCfg = Release|Any CPU
		{568C078D-8C86-4120-9DBF-67EBB3381EDF}.Release|x64.ActiveCfg = Release|Any CPU
		{568C078D-8C86-4120-9DBF-67EBB3381EDF}.Release|x86.ActiveCfg = Release|Any CPU
		{E0964274-DE0C-49C0-BDC0-4950548BAD7F}.Debug|Any CPU.ActiveCfg = Debug|Any CPU
		{E0964274-DE0C-49C0-BDC0-4950548BAD7F}.Debug|x64.ActiveCfg = Debug|Any CPU
		{E0964274-DE0C-49C0-BDC0-4950548BAD7F}.Debug|x86.ActiveCfg = Debug|Any CPU
		{E0964274-DE0C-49C0-BDC0-4950548BAD7F}.Release|Any CPU.ActiveCfg = Release|Any CPU
		{E0964274-DE0C-49C0-BDC0-4950548BAD7F}.Release|x64.ActiveCfg = Release|Any CPU
		{E0964274-DE0C-49C0-BDC0-4950548BAD7F}.Release|x86.ActiveCfg = Release|Any CPU
		{46CCA15D-8287-448A-894B-EF06BA6884E9}.Debug|Any CPU.ActiveCfg = Debug|x64
		{46CCA15D-8287-448A-894B-EF06BA6884E9}.Debug|Any CPU.Build.0 = Debug|x64
		{46CCA15D-8287-448A-894B-EF06BA6884E9}.Debug|x64.ActiveCfg = Debug|x64
		{46CCA15D-8287-448A-894B-EF06BA6884E9}.Debug|x64.Build.0 = Debug|x64
		{46CCA15D-8287-448A-894B-EF06BA6884E9}.Debug|x86.ActiveCfg = Debug|Win32
		{46CCA15D-8287-448A-894B-EF06BA6884E9}.Debug|x86.Build.0 = Debug|Win32
		{46CCA15D-8287-448A-894B-EF06BA6884E9}.Release|Any CPU.ActiveCfg = Release|x64
		{46CCA15D-8287-448A-894B-EF06BA6884E9}.Release|Any CPU.Build.0 = Release|x64
		{46CCA15D-8287-448A-894B-EF06BA6884E9}.Release|x64.ActiveCfg = Release|x64
		{46CCA15D-8287-448A-894B-EF06BA6884E9}.Release|x64.Build.0 = Release|x64
		{46CCA15D-8287-448A-894B-EF06BA6884E9}.Release|x86.ActiveCfg = Release|Win32
		{46CCA15D-8287-448A-894B-EF06BA6884E9}.Release|x86.Build.0 = Release|Win32
		{9C7F524E-6C8C-41A8-8837-0FB94593872B}.Debug|Any CPU.ActiveCfg = Debug|Any CPU
		{9C7F524E-6C8C-41A8-8837-0FB94593872B}.Debug|x64.ActiveCfg = Debug|Any CPU
		{9C7F524E-6C8C-41A8-8837-0FB94593872B}.Debug|x86.ActiveCfg = Debug|Any CPU
		{9C7F524E-6C8C-41A8-8837-0FB94593872B}.Release|Any CPU.ActiveCfg = Release|Any CPU
		{9C7F524E-6C8C-41A8-8837-0FB94593872B}.Release|x64.ActiveCfg = Release|Any CPU
		{9C7F524E-6C8C-41A8-8837-0FB94593872B}.Release|x86.ActiveCfg = Release|Any CPU
		{8C4EC6C5-327D-4C7E-AFF5-422545E829D1}.Debug|Any CPU.ActiveCfg = Debug|Any CPU
		{8C4EC6C5-327D-4C7E-AFF5-422545E829D1}.Debug|x64.ActiveCfg = Debug|Any CPU
		{8C4EC6C5-327D-4C7E-AFF5-422545E829D1}.Debug|x86.ActiveCfg = Debug|Any CPU
		{8C4EC6C5-327D-4C7E-AFF5-422545E829D1}.Release|Any CPU.ActiveCfg = Release|Any CPU
		{8C4EC6C5-327D-4C7E-AFF5-422545E829D1}.Release|x64.ActiveCfg = Release|Any CPU
		{8C4EC6C5-327D-4C7E-AFF5-422545E829D1}.Release|x86.ActiveCfg = Release|Any CPU
		{ADF99EF3-B7ED-474D-BCD5-6BBC1A4B31C3}.Debug|Any CPU.ActiveCfg = Debug|Any CPU
		{ADF99EF3-B7ED-474D-BCD5-6BBC1A4B31C3}.Debug|x64.ActiveCfg = Debug|Any CPU
		{ADF99EF3-B7ED-474D-BCD5-6BBC1A4B31C3}.Debug|x86.ActiveCfg = Debug|Any CPU
		{ADF99EF3-B7ED-474D-BCD5-6BBC1A4B31C3}.Release|Any CPU.ActiveCfg = Release|Any CPU
		{ADF99EF3-B7ED-474D-BCD5-6BBC1A4B31C3}.Release|x64.ActiveCfg = Release|Any CPU
		{ADF99EF3-B7ED-474D-BCD5-6BBC1A4B31C3}.Release|x86.ActiveCfg = Release|Any CPU
	EndGlobalSection
	GlobalSection(SolutionProperties) = preSolution
		HideSolutionNode = FALSE
	EndGlobalSection
	GlobalSection(ExtensibilityGlobals) = postSolution
		SolutionGuid = {2DD7BF98-0ADF-4C79-9656-05AF73046385}
	EndGlobalSection
EndGlobal
